
Microsoft Visual Studio Solution File, Format Version 12.00
# Visual Studio Version 17
VisualStudioVersion = 17.7.34202.233
MinimumVisualStudioVersion = 10.0.40219.1
Project("{FAE04EC0-301F-11D3-BF4B-00C04F79EFBC}") = "Paginacion", "Paginacion\Paginacion.csproj", "{7972A226-7165-43B0-8548-738107E448C6}"
EndProject
Project("{FAE04EC0-301F-11D3-BF4B-00C04F79EFBC}") = "Shared", "Shared\Shared.csproj", "{0216AE54-19CC-42D9-88B1-09044508997E}"
EndProject
Global
	GlobalSection(SolutionConfigurationPlatforms) = preSolution
		Debug|Any CPU = Debug|Any CPU
		Release|Any CPU = Release|Any CPU
	EndGlobalSection
	GlobalSection(ProjectConfigurationPlatforms) = postSolution
		{7972A226-7165-43B0-8548-738107E448C6}.Debug|Any CPU.ActiveCfg = Debug|Any CPU
		{7972A226-7165-43B0-8548-738107E448C6}.Debug|Any CPU.Build.0 = Debug|Any CPU
		{7972A226-7165-43B0-8548-738107E448C6}.Release|Any CPU.ActiveCfg = Release|Any CPU
		{7972A226-7165-43B0-8548-738107E448C6}.Release|Any CPU.Build.0 = Release|Any CPU
		{0216AE54-19CC-42D9-88B1-09044508997E}.Debug|Any CPU.ActiveCfg = Debug|Any CPU
		{0216AE54-19CC-42D9-88B1-09044508997E}.Debug|Any CPU.Build.0 = Debug|Any CPU
		{0216AE54-19CC-42D9-88B1-09044508997E}.Release|Any CPU.ActiveCfg = Release|Any CPU
		{0216AE54-19CC-42D9-88B1-09044508997E}.Release|Any CPU.Build.0 = Release|Any CPU
	EndGlobalSection
	GlobalSection(SolutionProperties) = preSolution
		HideSolutionNode = FALSE
	EndGlobalSection
	GlobalSection(ExtensibilityGlobals) = postSolution
		SolutionGuid = {46AC7D76-2275-44B3-B251-E8076F888BFC}
	EndGlobalSection
EndGlobal
